
Microsoft Visual Studio Solution File, Format Version 12.00
# Visual Studio Version 17
VisualStudioVersion = 17.8.34601.278
MinimumVisualStudioVersion = 10.0.40219.1
Project("{FAE04EC0-301F-11D3-BF4B-00C04F79EFBC}") = "Interface-Practice", "Interface-Practice\Interface-Practice.csproj", "{74F7B4AD-BEC8-4626-8BD3-EA2C8CB50C87}"
EndProject
Global
	GlobalSection(SolutionConfigurationPlatforms) = preSolution
		Debug|Any CPU = Debug|Any CPU
		Release|Any CPU = Release|Any CPU
	EndGlobalSection
	GlobalSection(ProjectConfigurationPlatforms) = postSolution
		{74F7B4AD-BEC8-4626-8BD3-EA2C8CB50C87}.Debug|Any CPU.ActiveCfg = Debug|Any CPU
		{74F7B4AD-BEC8-4626-8BD3-EA2C8CB50C87}.Debug|Any CPU.Build.0 = Debug|Any CPU
		{74F7B4AD-BEC8-4626-8BD3-EA2C8CB50C87}.Release|Any CPU.ActiveCfg = Release|Any CPU
		{74F7B4AD-BEC8-4626-8BD3-EA2C8CB50C87}.Release|Any CPU.Build.0 = Release|Any CPU
	EndGlobalSection
	GlobalSection(SolutionProperties) = preSolution
		HideSolutionNode = FALSE
	EndGlobalSection
	GlobalSection(ExtensibilityGlobals) = postSolution
		SolutionGuid = {9AF55B9B-6BA5-4C09-9859-C5DCA78BC20A}
	EndGlobalSection
EndGlobal
